<?xml version="1.0" encoding="utf-8"?>
<Project ToolsVersion="4.0" xmlns="http://schemas.microsoft.com/developer/msbuild/2003">
  <ItemGroup>
    <Filter Include="Source Files">
      <UniqueIdentifier>{4FC737F1-C7A5-4376-A066-2A32D752A2FF}</UniqueIdentifier>
      <Extensions>cpp;c;cc;cxx;def;odl;idl;hpj;bat;asm;asmx</Extensions>
    </Filter>
    <Filter Include="Header Files">
      <UniqueIdentifier>{93995380-89BD-4b04-88EB-625FBE52EBFB}</UniqueIdentifier>
      <Extensions>h;hh;hpp;hxx;hm;inl;inc;xsd</Extensions>
    </Filter>
    <Filter Include="Resource Files">
      <UniqueIdentifier>{67DA6AB6-F800-4c08-8B7A-83BB121AAD01}</UniqueIdentifier>
      <Extensions>qrc;rc;ico;cur;bmp;dlg;rc2;rct;bin;rgs;gif;jpg;jpeg;jpe;resx;tiff;tif;png;wav;mfcribbon-ms</Extensions>
    </Filter>
    <Filter Include="Form Files">
      <UniqueIdentifier>{99349809-55BA-4b9d-BF79-8FDBB0286EB3}</UniqueIdentifier>
      <Extensions>ui</Extensions>
    </Filter>
    <Filter Include="Translation Files">
      <UniqueIdentifier>{639EADAA-A684-42e4-A9AD-28FC9BCB8F7C}</UniqueIdentifier>
      <Extensions>ts</Extensions>
    </Filter>
  </ItemGroup>
  <ItemGroup>
    <QtRcc Include="AirRenderer.qrc">
      <Filter>Resource Files</Filter>
    </QtRcc>
    <QtUic Include="AirRenderer.ui">
      <Filter>Form Files</Filter>
    </QtUic>
    <QtMoc Include="include\thread\AirRenderer.h">
      <Filter>Header Files</Filter>
    </QtMoc>
    <ClCompile Include="source\thread\AirRenderer.cpp">
      <Filter>Source Files</Filter>
    </ClCompile>
    <ClInclude Include="stdafx.h">
      <Filter>Header Files</Filter>
    </ClInclude>
    <ClCompile Include="stdafx.cpp">
      <Filter>Source Files</Filter>
    </ClCompile>
  </ItemGroup>
  <ItemGroup>
    <ClCompile Include="source\main.cpp">
      <Filter>Source Files</Filter>
    </ClCompile>
    <ClCompile Include="source\core_object\Configuration.cpp">
      <Filter>Source Files</Filter>
    </ClCompile>
    <ClCompile Include="source\utils\Drawer.cpp">
      <Filter>Source Files</Filter>
    </ClCompile>
    <ClCompile Include="source\utils\Color.cpp">
      <Filter>Source Files</Filter>
    </ClCompile>
    <ClCompile Include="source\utils\Buffer.cpp">
      <Filter>Source Files</Filter>
    </ClCompile>
    <ClCompile Include="source\thread\RenderThread.cpp">
      <Filter>Source Files</Filter>
    </ClCompile>
    <ClCompile Include="source\component\transform\Transform.cpp">
      <Filter>Source Files</Filter>
    </ClCompile>
    <ClCompile Include="source\utils\ChildBrotherTree.cpp">
      <Filter>Source Files</Filter>
    </ClCompile>
    <ClCompile Include="source\core_object\GameObject.cpp">
      <Filter>Source Files</Filter>
    </ClCompile>
    <ClCompile Include="source\component\camera\Camera.cpp">
      <Filter>Source Files</Filter>
    </ClCompile>
    <ClCompile Include="source\component\renderer\MeshRenderer.cpp">
      <Filter>Source Files</Filter>
    </ClCompile>
    <ClCompile Include="source\thread\RenderItem.cpp">
      <Filter>Source Files</Filter>
    </ClCompile>
    <ClCompile Include="source\context\VertexOutContext.cpp">
      <Filter>Source Files</Filter>
    </ClCompile>
    <ClCompile Include="source\context\PixelInContext.cpp">
      <Filter>Source Files</Filter>
    </ClCompile>
    <ClCompile Include="source\context\PixelIterator.cpp">
      <Filter>Source Files</Filter>
    </ClCompile>
    <ClCompile Include="source\context\VertexInContext.cpp">
      <Filter>Source Files</Filter>
    </ClCompile>
    <ClCompile Include="source\context\PixelOutContext.cpp">
      <Filter>Source Files</Filter>
    </ClCompile>
    <ClCompile Include="source\texture\Texture.cpp">
      <Filter>Source Files</Filter>
    </ClCompile>
    <ClCompile Include="source\utils\Object.cpp">
      <Filter>Source Files</Filter>
    </ClCompile>
    <ClCompile Include="source\component\Component.cpp">
      <Filter>Source Files</Filter>
    </ClCompile>
    <ClCompile Include="source\utils\Log.cpp">
      <Filter>Source Files</Filter>
    </ClCompile>
    <ClCompile Include="source\context\MatrixContext.cpp">
      <Filter>Source Files</Filter>
    </ClCompile>
    <ClCompile Include="source\component\light\Light.cpp">
      <Filter>Source Files</Filter>
    </ClCompile>
    <ClCompile Include="source\component\light\DirectionalLight.cpp">
      <Filter>Source Files</Filter>
    </ClCompile>
    <ClCompile Include="source\component\light\PointLight.cpp">
      <Filter>Source Files</Filter>
    </ClCompile>
    <ClCompile Include="source\context\LightContext.cpp">
      <Filter>Source Files</Filter>
    </ClCompile>
    <ClCompile Include="source\thread\LoadThread.cpp">
      <Filter>Source Files</Filter>
    </ClCompile>
    <ClCompile Include="source\core_object\Mesh.cpp">
      <Filter>Source Files</Filter>
    </ClCompile>
    <ClCompile Include="source\core_object\Global.cpp">
      <Filter>Source Files</Filter>
    </ClCompile>
    <ClCompile Include="source\shader\NormalShader.cpp">
      <Filter>Source Files</Filter>
    </ClCompile>
    <ClCompile Include="source\material\NormalMaterial.cpp">
      <Filter>Source Files</Filter>
    </ClCompile>
    <ClCompile Include="source\shader\ShaderBase.cpp">
      <Filter>Source Files</Filter>
    </ClCompile>
    <ClCompile Include="source\utils\RegisterIndex.cpp">
      <Filter>Source Files</Filter>
    </ClCompile>
    <ClCompile Include="source\component\camera\OrthographicCamera.cpp">
      <Filter>Source Files</Filter>
    </ClCompile>
    <ClCompile Include="source\component\camera\PerspectiveCamera.cpp">
      <Filter>Source Files</Filter>
    </ClCompile>
    <ClCompile Include="source\context\CameraContext.cpp">
      <Filter>Source Files</Filter>
    </ClCompile>
    <ClCompile Include="source\utils\OrientedBoundingBox.cpp">
      <Filter>Source Files</Filter>
    </ClCompile>
    <ClCompile Include="source\thread\LogicThread.cpp">
      <Filter>Source Files</Filter>
    </ClCompile>
  </ItemGroup>
  <ItemGroup>
    <ClInclude Include="include\core_object\Configuration.h">
      <Filter>Header Files</Filter>
    </ClInclude>
    <ClInclude Include="include\utils\Drawer.h">
      <Filter>Header Files</Filter>
    </ClInclude>
    <ClInclude Include="include\utils\Color.h">
      <Filter>Header Files</Filter>
    </ClInclude>
    <ClInclude Include="include\utils\Buffer.h">
      <Filter>Header Files</Filter>
    </ClInclude>
    <ClInclude Include="include\component\transform\Transform.h">
      <Filter>Header Files</Filter>
    </ClInclude>
    <ClInclude Include="include\utils\ChildBrotherTree.h">
      <Filter>Header Files</Filter>
    </ClInclude>
    <ClInclude Include="include\core_object\GameObject.h">
      <Filter>Header Files</Filter>
    </ClInclude>
    <ClInclude Include="include\component\camera\Camera.h">
      <Filter>Header Files</Filter>
    </ClInclude>
    <ClInclude Include="include\component\renderer\MeshRenderer.h">
      <Filter>Header Files</Filter>
    </ClInclude>
    <ClInclude Include="include\thread\RenderItem.h">
      <Filter>Header Files</Filter>
    </ClInclude>
    <ClInclude Include="include\context\VertexOutContext.h">
      <Filter>Header Files</Filter>
    </ClInclude>
    <ClInclude Include="include\context\PixelInContext.h">
      <Filter>Header Files</Filter>
    </ClInclude>
    <ClInclude Include="include\context\PixelIterator.h">
      <Filter>Header Files</Filter>
    </ClInclude>
    <ClInclude Include="include\context\VertexInContext.h">
      <Filter>Header Files</Filter>
    </ClInclude>
    <ClInclude Include="include\shader\Shader.h">
      <Filter>Header Files</Filter>
    </ClInclude>
    <ClInclude Include="include\context\PixelOutContext.h">
      <Filter>Header Files</Filter>
    </ClInclude>
    <ClInclude Include="include\texture\Texture.h">
      <Filter>Header Files</Filter>
    </ClInclude>
    <ClInclude Include="include\material\Material.h">
      <Filter>Header Files</Filter>
    </ClInclude>
    <ClInclude Include="include\utils\Object.h">
      <Filter>Header Files</Filter>
    </ClInclude>
    <ClInclude Include="include\component\Component.h">
      <Filter>Header Files</Filter>
    </ClInclude>
    <ClInclude Include="include\utils\Log.h">
      <Filter>Header Files</Filter>
    </ClInclude>
    <ClInclude Include="include\context\MatrixContext.h">
      <Filter>Header Files</Filter>
    </ClInclude>
    <ClInclude Include="include\component\light\Light.h">
      <Filter>Header Files</Filter>
    </ClInclude>
    <ClInclude Include="include\component\light\DirectionalLight.h">
      <Filter>Header Files</Filter>
    </ClInclude>
    <ClInclude Include="include\component\light\PointLight.h">
      <Filter>Header Files</Filter>
    </ClInclude>
    <ClInclude Include="include\context\LightContext.h">
      <Filter>Header Files</Filter>
    </ClInclude>
    <ClInclude Include="include\core_object\Mesh.h">
      <Filter>Header Files</Filter>
    </ClInclude>
    <ClInclude Include="include\core_object\Global.h">
      <Filter>Header Files</Filter>
    </ClInclude>
    <ClInclude Include="include\shader\NormalData.h">
      <Filter>Header Files</Filter>
    </ClInclude>
    <ClInclude Include="include\shader\NormalShader.h">
      <Filter>Header Files</Filter>
    </ClInclude>
    <ClInclude Include="include\material\NormalMaterial.h">
      <Filter>Header Files</Filter>
    </ClInclude>
    <ClInclude Include="include\material\MaterialBase.h">
      <Filter>Header Files</Filter>
    </ClInclude>
    <ClInclude Include="include\shader\ShaderBase.h">
      <Filter>Header Files</Filter>
    </ClInclude>
    <ClInclude Include="include\utils\RegisterIndex.h">
      <Filter>Header Files</Filter>
    </ClInclude>
    <ClInclude Include="include\component\camera\OrthographicCamera.h">
      <Filter>Header Files</Filter>
    </ClInclude>
    <ClInclude Include="include\component\camera\PerspectiveCamera.h">
      <Filter>Header Files</Filter>
    </ClInclude>
    <ClInclude Include="include\context\CameraContext.h">
      <Filter>Header Files</Filter>
    </ClInclude>
    <ClInclude Include="include\utils\OrientedBoundingBox.h">
      <Filter>Header Files</Filter>
    </ClInclude>
    <ClInclude Include="include\thread\RenderCommandBuffer.h">
      <Filter>Header Files</Filter>
    </ClInclude>
    <ClInclude Include="include\shader\ShaderOptions.h">
      <Filter>Header Files</Filter>
    </ClInclude>
    <ClInclude Include="include\context\PrimitiveContext.h">
      <Filter>Header Files</Filter>
    </ClInclude>
  </ItemGroup>
  <ItemGroup>
    <QtMoc Include="include\thread\RenderThread.h">
      <Filter>Header Files</Filter>
    </QtMoc>
    <QtMoc Include="include\thread\LoadThread.h">
      <Filter>Header Files</Filter>
    </QtMoc>
    <QtMoc Include="include\thread\LogicThread.h">
      <Filter>Header Files</Filter>
    </QtMoc>
  </ItemGroup>
</Project>